# THIS IS AN AUTOGENERATED FILE. DO NOT EDIT THIS FILE DIRECTLY.
# yarn lockfile v1


chess.js@^0.12.0:
  version "0.12.0"
  resolved "https://registry.yarnpkg.com/chess.js/-/chess.js-0.12.0.tgz#ffca1773b93a4aa044891de81286e264ca229b00"
  integrity sha512-eF1xf4j88r/AwIRxqV1FXZbVgMt4yUx05xrL+ZMqUrY+snFrUxGVHs0VgEd3AvngujDE9th7XZqqCwEKEQ7mWQ==
